// !$*UTF8*$!
{
	archiveVersion = 1;
	classes = {
	};
	objectVersion = 60;
	objects = {

/* Begin PBXBuildFile section */
		6627CE712C98C83700FAF18C /* RogramApp.swift in Sources */ = {isa = PBXBuildFile; fileRef = 6627CE702C98C83700FAF18C /* RogramApp.swift */; };
		6627CE732C98C83700FAF18C /* ContentView.swift in Sources */ = {isa = PBXBuildFile; fileRef = 6627CE722C98C83700FAF18C /* ContentView.swift */; };
		6627CE772C98C83900FAF18C /* Assets.xcassets in Resources */ = {isa = PBXBuildFile; fileRef = 6627CE762C98C83900FAF18C /* Assets.xcassets */; };
		6627CE7A2C98C83900FAF18C /* Preview Assets.xcassets in Resources */ = {isa = PBXBuildFile; fileRef = 6627CE792C98C83900FAF18C /* Preview Assets.xcassets */; };
		6627CE842C98C83A00FAF18C /* RogramTests.swift in Sources */ = {isa = PBXBuildFile; fileRef = 6627CE832C98C83A00FAF18C /* RogramTests.swift */; };
		6627CE8E2C98C83A00FAF18C /* RogramUITests.swift in Sources */ = {isa = PBXBuildFile; fileRef = 6627CE8D2C98C83A00FAF18C /* RogramUITests.swift */; };
		6627CE902C98C83A00FAF18C /* RogramUITestsLaunchTests.swift in Sources */ = {isa = PBXBuildFile; fileRef = 6627CE8F2C98C83A00FAF18C /* RogramUITestsLaunchTests.swift */; };
		66E006F32C9A170D00298AF9 /* RogramAPI in Frameworks */ = {isa = PBXBuildFile; productRef = 66E006F22C9A170D00298AF9 /* RogramAPI */; };
		66E006F52C9A3F2C00298AF9 /* PostView.swift in Sources */ = {isa = PBXBuildFile; fileRef = 66E006F42C9A3F2C00298AF9 /* PostView.swift */; };
		66E006F72C9A45BE00298AF9 /* DetailedPostView.swift in Sources */ = {isa = PBXBuildFile; fileRef = 66E006F62C9A45BE00298AF9 /* DetailedPostView.swift */; };
/* End PBXBuildFile section */

/* Begin PBXContainerItemProxy section */
		6627CE802C98C83A00FAF18C /* PBXContainerItemProxy */ = {
			isa = PBXContainerItemProxy;
			containerPortal = 6627CE652C98C83700FAF18C /* Project object */;
			proxyType = 1;
			remoteGlobalIDString = 6627CE6C2C98C83700FAF18C;
			remoteInfo = Rogram;
		};
		6627CE8A2C98C83A00FAF18C /* PBXContainerItemProxy */ = {
			isa = PBXContainerItemProxy;
			containerPortal = 6627CE652C98C83700FAF18C /* Project object */;
			proxyType = 1;
			remoteGlobalIDString = 6627CE6C2C98C83700FAF18C;
			remoteInfo = Rogram;
		};
/* End PBXContainerItemProxy section */

/* Begin PBXFileReference section */
		661348892C9B4A9300061FCB /* RogramTestPlan.xctestplan */ = {isa = PBXFileReference; lastKnownFileType = text; path = RogramTestPlan.xctestplan; sourceTree = "<group>"; };
		6627CE6D2C98C83700FAF18C /* Rogram.app */ = {isa = PBXFileReference; explicitFileType = wrapper.application; includeInIndex = 0; path = Rogram.app; sourceTree = BUILT_PRODUCTS_DIR; };
		6627CE702C98C83700FAF18C /* RogramApp.swift */ = {isa = PBXFileReference; lastKnownFileType = sourcecode.swift; path = RogramApp.swift; sourceTree = "<group>"; };
		6627CE722C98C83700FAF18C /* ContentView.swift */ = {isa = PBXFileReference; lastKnownFileType = sourcecode.swift; path = ContentView.swift; sourceTree = "<group>"; };
		6627CE762C98C83900FAF18C /* Assets.xcassets */ = {isa = PBXFileReference; lastKnownFileType = folder.assetcatalog; path = Assets.xcassets; sourceTree = "<group>"; };
		6627CE792C98C83900FAF18C /* Preview Assets.xcassets */ = {isa = PBXFileReference; lastKnownFileType = folder.assetcatalog; path = "Preview Assets.xcassets"; sourceTree = "<group>"; };
		6627CE7F2C98C83A00FAF18C /* RogramTests.xctest */ = {isa = PBXFileReference; explicitFileType = wrapper.cfbundle; includeInIndex = 0; path = RogramTests.xctest; sourceTree = BUILT_PRODUCTS_DIR; };
		6627CE832C98C83A00FAF18C /* RogramTests.swift */ = {isa = PBXFileReference; lastKnownFileType = sourcecode.swift; path = RogramTests.swift; sourceTree = "<group>"; };
		6627CE892C98C83A00FAF18C /* RogramUITests.xctest */ = {isa = PBXFileReference; explicitFileType = wrapper.cfbundle; includeInIndex = 0; path = RogramUITests.xctest; sourceTree = BUILT_PRODUCTS_DIR; };
		6627CE8D2C98C83A00FAF18C /* RogramUITests.swift */ = {isa = PBXFileReference; lastKnownFileType = sourcecode.swift; path = RogramUITests.swift; sourceTree = "<group>"; };
		6627CE8F2C98C83A00FAF18C /* RogramUITestsLaunchTests.swift */ = {isa = PBXFileReference; lastKnownFileType = sourcecode.swift; path = RogramUITestsLaunchTests.swift; sourceTree = "<group>"; };
		66E006F42C9A3F2C00298AF9 /* PostView.swift */ = {isa = PBXFileReference; lastKnownFileType = sourcecode.swift; path = PostView.swift; sourceTree = "<group>"; };
		66E006F62C9A45BE00298AF9 /* DetailedPostView.swift */ = {isa = PBXFileReference; lastKnownFileType = sourcecode.swift; path = DetailedPostView.swift; sourceTree = "<group>"; };
/* End PBXFileReference section */

/* Begin PBXFrameworksBuildPhase section */
		6627CE6A2C98C83700FAF18C /* Frameworks */ = {
			isa = PBXFrameworksBuildPhase;
			buildActionMask = 2147483647;
			files = (
				66E006F32C9A170D00298AF9 /* RogramAPI in Frameworks */,
			);
			runOnlyForDeploymentPostprocessing = 0;
		};
		6627CE7C2C98C83A00FAF18C /* Frameworks */ = {
			isa = PBXFrameworksBuildPhase;
			buildActionMask = 2147483647;
			files = (
			);
			runOnlyForDeploymentPostprocessing = 0;
		};
		6627CE862C98C83A00FAF18C /* Frameworks */ = {
			isa = PBXFrameworksBuildPhase;
			buildActionMask = 2147483647;
			files = (
			);
			runOnlyForDeploymentPostprocessing = 0;
		};
/* End PBXFrameworksBuildPhase section */

/* Begin PBXGroup section */
		6627CE642C98C83700FAF18C = {
			isa = PBXGroup;
			children = (
				6627CE6F2C98C83700FAF18C /* Rogram */,
				6627CE822C98C83A00FAF18C /* RogramTests */,
				6627CE8C2C98C83A00FAF18C /* RogramUITests */,
				6627CE6E2C98C83700FAF18C /* Products */,
			);
			sourceTree = "<group>";
		};
		6627CE6E2C98C83700FAF18C /* Products */ = {
			isa = PBXGroup;
			children = (
				6627CE6D2C98C83700FAF18C /* Rogram.app */,
				6627CE7F2C98C83A00FAF18C /* RogramTests.xctest */,
				6627CE892C98C83A00FAF18C /* RogramUITests.xctest */,
			);
			name = Products;
			sourceTree = "<group>";
		};
		6627CE6F2C98C83700FAF18C /* Rogram */ = {
			isa = PBXGroup;
			children = (
				6627CE702C98C83700FAF18C /* RogramApp.swift */,
				6627CE722C98C83700FAF18C /* ContentView.swift */,
				66E006F42C9A3F2C00298AF9 /* PostView.swift */,
				66E006F62C9A45BE00298AF9 /* DetailedPostView.swift */,
				6627CE762C98C83900FAF18C /* Assets.xcassets */,
				6627CE782C98C83900FAF18C /* Preview Content */,
				661348892C9B4A9300061FCB /* RogramTestPlan.xctestplan */,
			);
			path = Rogram;
			sourceTree = "<group>";
		};
		6627CE782C98C83900FAF18C /* Preview Content */ = {
			isa = PBXGroup;
			children = (
				6627CE792C98C83900FAF18C /* Preview Assets.xcassets */,
			);
			path = "Preview Content";
			sourceTree = "<group>";
		};
		6627CE822C98C83A00FAF18C /* RogramTests */ = {
			isa = PBXGroup;
			children = (
				6627CE832C98C83A00FAF18C /* RogramTests.swift */,
			);
			path = RogramTests;
			sourceTree = "<group>";
		};
		6627CE8C2C98C83A00FAF18C /* RogramUITests */ = {
			isa = PBXGroup;
			children = (
				6627CE8D2C98C83A00FAF18C /* RogramUITests.swift */,
				6627CE8F2C98C83A00FAF18C /* RogramUITestsLaunchTests.swift */,
			);
			path = RogramUITests;
			sourceTree = "<group>";
		};
/* End PBXGroup section */

/* Begin PBXNativeTarget section */
		6627CE6C2C98C83700FAF18C /* Rogram */ = {
			isa = PBXNativeTarget;
			buildConfigurationList = 6627CE932C98C83A00FAF18C /* Build configuration list for PBXNativeTarget "Rogram" */;
			buildPhases = (
				6627CE692C98C83700FAF18C /* Sources */,
				6627CE6A2C98C83700FAF18C /* Frameworks */,
				6627CE6B2C98C83700FAF18C /* Resources */,
			);
			buildRules = (
			);
			dependencies = (
			);
			name = Rogram;
			packageProductDependencies = (
				66E006F22C9A170D00298AF9 /* RogramAPI */,
			);
			productName = Rogram;
			productReference = 6627CE6D2C98C83700FAF18C /* Rogram.app */;
			productType = "com.apple.product-type.application";
		};
		6627CE7E2C98C83A00FAF18C /* RogramTests */ = {
			isa = PBXNativeTarget;
			buildConfigurationList = 6627CE962C98C83A00FAF18C /* Build configuration list for PBXNativeTarget "RogramTests" */;
			buildPhases = (
				6627CE7B2C98C83A00FAF18C /* Sources */,
				6627CE7C2C98C83A00FAF18C /* Frameworks */,
				6627CE7D2C98C83A00FAF18C /* Resources */,
			);
			buildRules = (
			);
			dependencies = (
				6627CE812C98C83A00FAF18C /* PBXTargetDependency */,
			);
			name = RogramTests;
			productName = RogramTests;
			productReference = 6627CE7F2C98C83A00FAF18C /* RogramTests.xctest */;
			productType = "com.apple.product-type.bundle.unit-test";
		};
		6627CE882C98C83A00FAF18C /* RogramUITests */ = {
			isa = PBXNativeTarget;
			buildConfigurationList = 6627CE992C98C83A00FAF18C /* Build configuration list for PBXNativeTarget "RogramUITests" */;
			buildPhases = (
				6627CE852C98C83A00FAF18C /* Sources */,
				6627CE862C98C83A00FAF18C /* Frameworks */,
				6627CE872C98C83A00FAF18C /* Resources */,
			);
			buildRules = (
			);
			dependencies = (
				6627CE8B2C98C83A00FAF18C /* PBXTargetDependency */,
			);
			name = RogramUITests;
			productName = RogramUITests;
			productReference = 6627CE892C98C83A00FAF18C /* RogramUITests.xctest */;
			productType = "com.apple.product-type.bundle.ui-testing";
		};
/* End PBXNativeTarget section */

/* Begin PBXProject section */
		6627CE652C98C83700FAF18C /* Project object */ = {
			isa = PBXProject;
			attributes = {
				BuildIndependentTargetsInParallel = 1;
				LastSwiftUpdateCheck = 1540;
				LastUpgradeCheck = 1540;
				TargetAttributes = {
					6627CE6C2C98C83700FAF18C = {
						CreatedOnToolsVersion = 15.4;
					};
					6627CE7E2C98C83A00FAF18C = {
						CreatedOnToolsVersion = 15.4;
						TestTargetID = 6627CE6C2C98C83700FAF18C;
					};
					6627CE882C98C83A00FAF18C = {
						CreatedOnToolsVersion = 15.4;
						TestTargetID = 6627CE6C2C98C83700FAF18C;
					};
				};
			};
			buildConfigurationList = 6627CE682C98C83700FAF18C /* Build configuration list for PBXProject "Rogram" */;
			compatibilityVersion = "Xcode 14.0";
			developmentRegion = en;
			hasScannedForEncodings = 0;
			knownRegions = (
				en,
				Base,
			);
			mainGroup = 6627CE642C98C83700FAF18C;
			packageReferences = (
				66E006F12C9A170D00298AF9 /* XCLocalSwiftPackageReference "RogramAPI" */,
			);
			productRefGroup = 6627CE6E2C98C83700FAF18C /* Products */;
			projectDirPath = "";
			projectRoot = "";
			targets = (
				6627CE6C2C98C83700FAF18C /* Rogram */,
				6627CE7E2C98C83A00FAF18C /* RogramTests */,
				6627CE882C98C83A00FAF18C /* RogramUITests */,
			);
		};
/* End PBXProject section */

/* Begin PBXResourcesBuildPhase section */
		6627CE6B2C98C83700FAF18C /* Resources */ = {
			isa = PBXResourcesBuildPhase;
			buildActionMask = 2147483647;
			files = (
				6627CE7A2C98C83900FAF18C /* Preview Assets.xcassets in Resources */,
				6627CE772C98C83900FAF18C /* Assets.xcassets in Resources */,
			);
			runOnlyForDeploymentPostprocessing = 0;
		};
		6627CE7D2C98C83A00FAF18C /* Resources */ = {
			isa = PBXResourcesBuildPhase;
			buildActionMask = 2147483647;
			files = (
			);
			runOnlyForDeploymentPostprocessing = 0;
		};
		6627CE872C98C83A00FAF18C /* Resources */ = {
			isa = PBXResourcesBuildPhase;
			buildActionMask = 2147483647;
			files = (
			);
			runOnlyForDeploymentPostprocessing = 0;
		};
/* End PBXResourcesBuildPhase section */

/* Begin PBXSourcesBuildPhase section */
		6627CE692C98C83700FAF18C /* Sources */ = {
			isa = PBXSourcesBuildPhase;
			buildActionMask = 2147483647;
			files = (
				66E006F72C9A45BE00298AF9 /* DetailedPostView.swift in Sources */,
				6627CE732C98C83700FAF18C /* ContentView.swift in Sources */,
				66E006F52C9A3F2C00298AF9 /* PostView.swift in Sources */,
				6627CE712C98C83700FAF18C /* RogramApp.swift in Sources */,
			);
			runOnlyForDeploymentPostprocessing = 0;
		};
		6627CE7B2C98C83A00FAF18C /* Sources */ = {
			isa = PBXSourcesBuildPhase;
			buildActionMask = 2147483647;
			files = (
				6627CE842C98C83A00FAF18C /* RogramTests.swift in Sources */,
			);
			runOnlyForDeploymentPostprocessing = 0;
		};
		6627CE852C98C83A00FAF18C /* Sources */ = {
			isa = PBXSourcesBuildPhase;
			buildActionMask = 2147483647;
			files = (
				6627CE902C98C83A00FAF18C /* RogramUITestsLaunchTests.swift in Sources */,
				6627CE8E2C98C83A00FAF18C /* RogramUITests.swift in Sources */,
			);
			runOnlyForDeploymentPostprocessing = 0;
		};
/* End PBXSourcesBuildPhase section */

/* Begin PBXTargetDependency section */
		6627CE812C98C83A00FAF18C /* PBXTargetDependency */ = {
			isa = PBXTargetDependency;
			target = 6627CE6C2C98C83700FAF18C /* Rogram */;
			targetProxy = 6627CE802C98C83A00FAF18C /* PBXContainerItemProxy */;
		};
		6627CE8B2C98C83A00FAF18C /* PBXTargetDependency */ = {
			isa = PBXTargetDependency;
			target = 6627CE6C2C98C83700FAF18C /* Rogram */;
			targetProxy = 6627CE8A2C98C83A00FAF18C /* PBXContainerItemProxy */;
		};
/* End PBXTargetDependency section */

/* Begin XCBuildConfiguration section */
		6627CE912C98C83A00FAF18C /* Debug */ = {
			isa = XCBuildConfiguration;
			buildSettings = {
				ALWAYS_SEARCH_USER_PATHS = NO;
				ASSETCATALOG_COMPILER_GENERATE_SWIFT_ASSET_SYMBOL_EXTENSIONS = YES;
				CLANG_ANALYZER_NONNULL = YES;
				CLANG_ANALYZER_NUMBER_OBJECT_CONVERSION = YES_AGGRESSIVE;
				CLANG_CXX_LANGUAGE_STANDARD = "gnu++20";
				CLANG_ENABLE_MODULES = YES;
				CLANG_ENABLE_OBJC_ARC = YES;
				CLANG_ENABLE_OBJC_WEAK = YES;
				CLANG_WARN_BLOCK_CAPTURE_AUTORELEASING = YES;
				CLANG_WARN_BOOL_CONVERSION = YES;
				CLANG_WARN_COMMA = YES;
				CLANG_WARN_CONSTANT_CONVERSION = YES;
				CLANG_WARN_DEPRECATED_OBJC_IMPLEMENTATIONS = YES;
				CLANG_WARN_DIRECT_OBJC_ISA_USAGE = YES_ERROR;
				CLANG_WARN_DOCUMENTATION_COMMENTS = YES;
				CLANG_WARN_EMPTY_BODY = YES;
				CLANG_WARN_ENUM_CONVERSION = YES;
				CLANG_WARN_INFINITE_RECURSION = YES;
				CLANG_WARN_INT_CONVERSION = YES;
				CLANG_WARN_NON_LITERAL_NULL_CONVERSION = YES;
				CLANG_WARN_OBJC_IMPLICIT_RETAIN_SELF = YES;
				CLANG_WARN_OBJC_LITERAL_CONVERSION = YES;
				CLANG_WARN_OBJC_ROOT_CLASS = YES_ERROR;
				CLANG_WARN_QUOTED_INCLUDE_IN_FRAMEWORK_HEADER = YES;
				CLANG_WARN_RANGE_LOOP_ANALYSIS = YES;
				CLANG_WARN_STRICT_PROTOTYPES = YES;
				CLANG_WARN_SUSPICIOUS_MOVE = YES;
				CLANG_WARN_UNGUARDED_AVAILABILITY = YES_AGGRESSIVE;
				CLANG_WARN_UNREACHABLE_CODE = YES;
				CLANG_WARN__DUPLICATE_METHOD_MATCH = YES;
				COPY_PHASE_STRIP = NO;
				DEBUG_INFORMATION_FORMAT = dwarf;
				ENABLE_STRICT_OBJC_MSGSEND = YES;
				ENABLE_TESTABILITY = YES;
				ENABLE_USER_SCRIPT_SANDBOXING = YES;
				GCC_C_LANGUAGE_STANDARD = gnu17;
				GCC_DYNAMIC_NO_PIC = NO;
				GCC_NO_COMMON_BLOCKS = YES;
				GCC_OPTIMIZATION_LEVEL = 0;
				GCC_PREPROCESSOR_DEFINITIONS = (
					"DEBUG=1",
					"$(inherited)",
				);
				GCC_WARN_64_TO_32_BIT_CONVERSION = YES;
				GCC_WARN_ABOUT_RETURN_TYPE = YES_ERROR;
				GCC_WARN_UNDECLARED_SELECTOR = YES;
				GCC_WARN_UNINITIALIZED_AUTOS = YES_AGGRESSIVE;
				GCC_WARN_UNUSED_FUNCTION = YES;
				GCC_WARN_UNUSED_VARIABLE = YES;
				IPHONEOS_DEPLOYMENT_TARGET = 17.5;
				LOCALIZATION_PREFERS_STRING_CATALOGS = YES;
				MTL_ENABLE_DEBUG_INFO = INCLUDE_SOURCE;
				MTL_FAST_MATH = YES;
				ONLY_ACTIVE_ARCH = YES;
				SDKROOT = iphoneos;
				SWIFT_ACTIVE_COMPILATION_CONDITIONS = "DEBUG $(inherited)";
				SWIFT_OPTIMIZATION_LEVEL = "-Onone";
			};
			name = Debug;
		};
		6627CE922C98C83A00FAF18C /* Release */ = {
			isa = XCBuildConfiguration;
			buildSettings = {
				ALWAYS_SEARCH_USER_PATHS = NO;
				ASSETCATALOG_COMPILER_GENERATE_SWIFT_ASSET_SYMBOL_EXTENSIONS = YES;
				CLANG_ANALYZER_NONNULL = YES;
				CLANG_ANALYZER_NUMBER_OBJECT_CONVERSION = YES_AGGRESSIVE;
				CLANG_CXX_LANGUAGE_STANDARD = "gnu++20";
				CLANG_ENABLE_MODULES = YES;
				CLANG_ENABLE_OBJC_ARC = YES;
				CLANG_ENABLE_OBJC_WEAK = YES;
				CLANG_WARN_BLOCK_CAPTURE_AUTORELEASING = YES;
				CLANG_WARN_BOOL_CONVERSION = YES;
				CLANG_WARN_COMMA = YES;
				CLANG_WARN_CONSTANT_CONVERSION = YES;
				CLANG_WARN_DEPRECATED_OBJC_IMPLEMENTATIONS = YES;
				CLANG_WARN_DIRECT_OBJC_ISA_USAGE = YES_ERROR;
				CLANG_WARN_DOCUMENTATION_COMMENTS = YES;
				CLANG_WARN_EMPTY_BODY = YES;
				CLANG_WARN_ENUM_CONVERSION = YES;
				CLANG_WARN_INFINITE_RECURSION = YES;
				CLANG_WARN_INT_CONVERSION = YES;
				CLANG_WARN_NON_LITERAL_NULL_CONVERSION = YES;
				CLANG_WARN_OBJC_IMPLICIT_RETAIN_SELF = YES;
				CLANG_WARN_OBJC_LITERAL_CONVERSION = YES;
				CLANG_WARN_OBJC_ROOT_CLASS = YES_ERROR;
				CLANG_WARN_QUOTED_INCLUDE_IN_FRAMEWORK_HEADER = YES;
				CLANG_WARN_RANGE_LOOP_ANALYSIS = YES;
				CLANG_WARN_STRICT_PROTOTYPES = YES;
				CLANG_WARN_SUSPICIOUS_MOVE = YES;
				CLANG_WARN_UNGUARDED_AVAILABILITY = YES_AGGRESSIVE;
				CLANG_WARN_UNREACHABLE_CODE = YES;
				CLANG_WARN__DUPLICATE_METHOD_MATCH = YES;
				COPY_PHASE_STRIP = NO;
				DEBUG_INFORMATION_FORMAT = "dwarf-with-dsym";
				ENABLE_NS_ASSERTIONS = NO;
				ENABLE_STRICT_OBJC_MSGSEND = YES;
				ENABLE_USER_SCRIPT_SANDBOXING = YES;
				GCC_C_LANGUAGE_STANDARD = gnu17;
				GCC_NO_COMMON_BLOCKS = YES;
				GCC_WARN_64_TO_32_BIT_CONVERSION = YES;
				GCC_WARN_ABOUT_RETURN_TYPE = YES_ERROR;
				GCC_WARN_UNDECLARED_SELECTOR = YES;
				GCC_WARN_UNINITIALIZED_AUTOS = YES_AGGRESSIVE;
				GCC_WARN_UNUSED_FUNCTION = YES;
				GCC_WARN_UNUSED_VARIABLE = YES;
				IPHONEOS_DEPLOYMENT_TARGET = 17.5;
				LOCALIZATION_PREFERS_STRING_CATALOGS = YES;
				MTL_ENABLE_DEBUG_INFO = NO;
				MTL_FAST_MATH = YES;
				SDKROOT = iphoneos;
				SWIFT_COMPILATION_MODE = wholemodule;
				VALIDATE_PRODUCT = YES;
			};
			name = Release;
		};
		6627CE942C98C83A00FAF18C /* Debug */ = {
			isa = XCBuildConfiguration;
			buildSettings = {
				ASSETCATALOG_COMPILER_APPICON_NAME = AppIcon;
				ASSETCATALOG_COMPILER_GLOBAL_ACCENT_COLOR_NAME = AccentColor;
				CODE_SIGN_STYLE = Automatic;
				CURRENT_PROJECT_VERSION = 1;
				DEVELOPMENT_ASSET_PATHS = "\"Rogram/Preview Content\"";
				ENABLE_PREVIEWS = YES;
				GENERATE_INFOPLIST_FILE = YES;
				INFOPLIST_KEY_UIApplicationSceneManifest_Generation = YES;
				INFOPLIST_KEY_UIApplicationSupportsIndirectInputEvents = YES;
				INFOPLIST_KEY_UILaunchScreen_Generation = YES;
				INFOPLIST_KEY_UISupportedInterfaceOrientations_iPad = "UIInterfaceOrientationPortrait UIInterfaceOrientationPortraitUpsideDown UIInterfaceOrientationLandscapeLeft UIInterfaceOrientationLandscapeRight";
				INFOPLIST_KEY_UISupportedInterfaceOrientations_iPhone = "UIInterfaceOrientationPortrait UIInterfaceOrientationLandscapeLeft UIInterfaceOrientationLandscapeRight";
				LD_RUNPATH_SEARCH_PATHS = (
					"$(inherited)",
					"@executable_path/Frameworks",
				);
				MARKETING_VERSION = 1.0;
				PRODUCT_BUNDLE_IDENTIFIER = csantiago.Rogram;
				PRODUCT_NAME = "$(TARGET_NAME)";
				SWIFT_EMIT_LOC_STRINGS = YES;
				SWIFT_VERSION = 5.0;
				TARGETED_DEVICE_FAMILY = "1,2";
			};
			name = Debug;
		};
		6627CE952C98C83A00FAF18C /* Release */ = {
			isa = XCBuildConfiguration;
			buildSettings = {
				ASSETCATALOG_COMPILER_APPICON_NAME = AppIcon;
				ASSETCATALOG_COMPILER_GLOBAL_ACCENT_COLOR_NAME = AccentColor;
				CODE_SIGN_STYLE = Automatic;
				CURRENT_PROJECT_VERSION = 1;
				DEVELOPMENT_ASSET_PATHS = "\"Rogram/Preview Content\"";
				ENABLE_PREVIEWS = YES;
				GENERATE_INFOPLIST_FILE = YES;
				INFOPLIST_KEY_UIApplicationSceneManifest_Generation = YES;
				INFOPLIST_KEY_UIApplicationSupportsIndirectInputEvents = YES;
				INFOPLIST_KEY_UILaunchScreen_Generation = YES;
				INFOPLIST_KEY_UISupportedInterfaceOrientations_iPad = "UIInterfaceOrientationPortrait UIInterfaceOrientationPortraitUpsideDown UIInterfaceOrientationLandscapeLeft UIInterfaceOrientationLandscapeRight";
				INFOPLIST_KEY_UISupportedInterfaceOrientations_iPhone = "UIInterfaceOrientationPortrait UIInterfaceOrientationLandscapeLeft UIInterfaceOrientationLandscapeRight";
				LD_RUNPATH_SEARCH_PATHS = (
					"$(inherited)",
					"@executable_path/Frameworks",
				);
				MARKETING_VERSION = 1.0;
				PRODUCT_BUNDLE_IDENTIFIER = csantiago.Rogram;
				PRODUCT_NAME = "$(TARGET_NAME)";
				SWIFT_EMIT_LOC_STRINGS = YES;
				SWIFT_VERSION = 5.0;
				TARGETED_DEVICE_FAMILY = "1,2";
			};
			name = Release;
		};
		6627CE972C98C83A00FAF18C /* Debug */ = {
			isa = XCBuildConfiguration;
			buildSettings = {
				ALWAYS_EMBED_SWIFT_STANDARD_LIBRARIES = YES;
				BUNDLE_LOADER = "$(TEST_HOST)";
				CODE_SIGN_STYLE = Automatic;
				CURRENT_PROJECT_VERSION = 1;
				GENERATE_INFOPLIST_FILE = YES;
				IPHONEOS_DEPLOYMENT_TARGET = 17.5;
				MARKETING_VERSION = 1.0;
				PRODUCT_BUNDLE_IDENTIFIER = csantiago.RogramTests;
				PRODUCT_NAME = "$(TARGET_NAME)";
				SWIFT_EMIT_LOC_STRINGS = NO;
				SWIFT_VERSION = 5.0;
				TARGETED_DEVICE_FAMILY = "1,2";
				TEST_HOST = "$(BUILT_PRODUCTS_DIR)/Rogram.app/$(BUNDLE_EXECUTABLE_FOLDER_PATH)/Rogram";
			};
			name = Debug;
		};
		6627CE982C98C83A00FAF18C /* Release */ = {
			isa = XCBuildConfiguration;
			buildSettings = {
				ALWAYS_EMBED_SWIFT_STANDARD_LIBRARIES = YES;
				BUNDLE_LOADER = "$(TEST_HOST)";
				CODE_SIGN_STYLE = Automatic;
				CURRENT_PROJECT_VERSION = 1;
				GENERATE_INFOPLIST_FILE = YES;
				IPHONEOS_DEPLOYMENT_TARGET = 17.5;
				MARKETING_VERSION = 1.0;
				PRODUCT_BUNDLE_IDENTIFIER = csantiago.RogramTests;
				PRODUCT_NAME = "$(TARGET_NAME)";
				SWIFT_EMIT_LOC_STRINGS = NO;
				SWIFT_VERSION = 5.0;
				TARGETED_DEVICE_FAMILY = "1,2";
				TEST_HOST = "$(BUILT_PRODUCTS_DIR)/Rogram.app/$(BUNDLE_EXECUTABLE_FOLDER_PATH)/Rogram";
			};
			name = Release;
		};
		6627CE9A2C98C83A00FAF18C /* Debug */ = {
			isa = XCBuildConfiguration;
			buildSettings = {
				ALWAYS_EMBED_SWIFT_STANDARD_LIBRARIES = YES;
				CODE_SIGN_STYLE = Automatic;
				CURRENT_PROJECT_VERSION = 1;
				GENERATE_INFOPLIST_FILE = YES;
				MARKETING_VERSION = 1.0;
				PRODUCT_BUNDLE_IDENTIFIER = csantiago.RogramUITests;
				PRODUCT_NAME = "$(TARGET_NAME)";
				SWIFT_EMIT_LOC_STRINGS = NO;
				SWIFT_VERSION = 5.0;
				TARGETED_DEVICE_FAMILY = "1,2";
				TEST_TARGET_NAME = Rogram;
			};
			name = Debug;
		};
		6627CE9B2C98C83A00FAF18C /* Release */ = {
			isa = XCBuildConfiguration;
			buildSettings = {
				ALWAYS_EMBED_SWIFT_STANDARD_LIBRARIES = YES;
				CODE_SIGN_STYLE = Automatic;
				CURRENT_PROJECT_VERSION = 1;
				GENERATE_INFOPLIST_FILE = YES;
				MARKETING_VERSION = 1.0;
				PRODUCT_BUNDLE_IDENTIFIER = csantiago.RogramUITests;
				PRODUCT_NAME = "$(TARGET_NAME)";
				SWIFT_EMIT_LOC_STRINGS = NO;
				SWIFT_VERSION = 5.0;
				TARGETED_DEVICE_FAMILY = "1,2";
				TEST_TARGET_NAME = Rogram;
			};
			name = Release;
		};
/* End XCBuildConfiguration section */

/* Begin XCConfigurationList section */
		6627CE682C98C83700FAF18C /* Build configuration list for PBXProject "Rogram" */ = {
			isa = XCConfigurationList;
			buildConfigurations = (
				6627CE912C98C83A00FAF18C /* Debug */,
				6627CE922C98C83A00FAF18C /* Release */,
			);
			defaultConfigurationIsVisible = 0;
			defaultConfigurationName = Release;
		};
		6627CE932C98C83A00FAF18C /* Build configuration list for PBXNativeTarget "Rogram" */ = {
			isa = XCConfigurationList;
			buildConfigurations = (
				6627CE942C98C83A00FAF18C /* Debug */,
				6627CE952C98C83A00FAF18C /* Release */,
			);
			defaultConfigurationIsVisible = 0;
			defaultConfigurationName = Release;
		};
		6627CE962C98C83A00FAF18C /* Build configuration list for PBXNativeTarget "RogramTests" */ = {
			isa = XCConfigurationList;
			buildConfigurations = (
				6627CE972C98C83A00FAF18C /* Debug */,
				6627CE982C98C83A00FAF18C /* Release */,
			);
			defaultConfigurationIsVisible = 0;
			defaultConfigurationName = Release;
		};
		6627CE992C98C83A00FAF18C /* Build configuration list for PBXNativeTarget "RogramUITests" */ = {
			isa = XCConfigurationList;
			buildConfigurations = (
				6627CE9A2C98C83A00FAF18C /* Debug */,
				6627CE9B2C98C83A00FAF18C /* Release */,
			);
			defaultConfigurationIsVisible = 0;
			defaultConfigurationName = Release;
		};
/* End XCConfigurationList section */

/* Begin XCLocalSwiftPackageReference section */
		66E006F12C9A170D00298AF9 /* XCLocalSwiftPackageReference "RogramAPI" */ = {
			isa = XCLocalSwiftPackageReference;
			relativePath = RogramAPI;
		};
/* End XCLocalSwiftPackageReference section */

/* Begin XCSwiftPackageProductDependency section */
		66E006F22C9A170D00298AF9 /* RogramAPI */ = {
			isa = XCSwiftPackageProductDependency;
			productName = RogramAPI;
		};
/* End XCSwiftPackageProductDependency section */
	};
	rootObject = 6627CE652C98C83700FAF18C /* Project object */;
}
